// !$*UTF8*$!
{
	archiveVersion = 1;
	classes = {
	};
	objectVersion = 46;
	objects = {

/* Begin PBXBuildFile section */
		29484FB11CB5E73C00F241A1 /* AppDelegate.swift in Sources */ = {isa = PBXBuildFile; fileRef = 29484FB01CB5E73C00F241A1 /* AppDelegate.swift */; };
		29484FB31CB5E73C00F241A1 /* ViewController.swift in Sources */ = {isa = PBXBuildFile; fileRef = 29484FB21CB5E73C00F241A1 /* ViewController.swift */; };
		29484FB61CB5E73C00F241A1 /* Main.storyboard in Resources */ = {isa = PBXBuildFile; fileRef = 29484FB41CB5E73C00F241A1 /* Main.storyboard */; };
		29484FB81CB5E73C00F241A1 /* Assets.xcassets in Resources */ = {isa = PBXBuildFile; fileRef = 29484FB71CB5E73C00F241A1 /* Assets.xcassets */; };
		29484FBB1CB5E73C00F241A1 /* LaunchScreen.storyboard in Resources */ = {isa = PBXBuildFile; fileRef = 29484FB91CB5E73C00F241A1 /* LaunchScreen.storyboard */; };
/* End PBXBuildFile section */

/* Begin PBXFileReference section */
		29484FAD1CB5E73C00F241A1 /* 1.app */ = {isa = PBXFileReference; explicitFileType = wrapper.application; includeInIndex = 0; path = 1.app; sourceTree = BUILT_PRODUCTS_DIR; };
		29484FB01CB5E73C00F241A1 /* AppDelegate.swift */ = {isa = PBXFileReference; lastKnownFileType = sourcecode.swift; path = AppDelegate.swift; sourceTree = "<group>"; };
		29484FB21CB5E73C00F241A1 /* ViewController.swift */ = {isa = PBXFileReference; lastKnownFileType = sourcecode.swift; path = ViewController.swift; sourceTree = "<group>"; };
		29484FB51CB5E73C00F241A1 /* Base */ = {isa = PBXFileReference; lastKnownFileType = file.storyboard; name = Base; path = Base.lproj/Main.storyboard; sourceTree = "<group>"; };
		29484FB71CB5E73C00F241A1 /* Assets.xcassets */ = {isa = PBXFileReference; lastKnownFileType = folder.assetcatalog; path = Assets.xcassets; sourceTree = "<group>"; };
		29484FBA1CB5E73C00F241A1 /* Base */ = {isa = PBXFileReference; lastKnownFileType = file.storyboard; name = Base; path = Base.lproj/LaunchScreen.storyboard; sourceTree = "<group>"; };
		29484FBC1CB5E73C00F241A1 /* Info.plist */ = {isa = PBXFileReference; lastKnownFileType = text.plist.xml; path = Info.plist; sourceTree = "<group>"; };
/* End PBXFileReference section */

/* Begin PBXFrameworksBuildPhase section */
		29484FAA1CB5E73C00F241A1 /* Frameworks */ = {
			isa = PBXFrameworksBuildPhase;
			buildActionMask = 2147483647;
			files = (
			);
			runOnlyForDeploymentPostprocessing = 0;
		};
/* End PBXFrameworksBuildPhase section */

/* Begin PBXGroup section */
		29484FA41CB5E73C00F241A1 = {
			isa = PBXGroup;
			children = (
				29484FAF1CB5E73C00F241A1 /* 1 */,
				29484FAE1CB5E73C00F241A1 /* Products */,
			);
			sourceTree = "<group>";
		};
		29484FAE1CB5E73C00F241A1 /* Products */ = {
			isa = PBXGroup;
			children = (
				29484FAD1CB5E73C00F241A1 /* 1.app */,
			);
			name = Products;
			sourceTree = "<group>";
		};
		29484FAF1CB5E73C00F241A1 /* 1 */ = {
			isa = PBXGroup;
			children = (
				29484FB01CB5E73C00F241A1 /* AppDelegate.swift */,
				29484FB21CB5E73C00F241A1 /* ViewController.swift */,
				29484FB41CB5E73C00F241A1 /* Main.storyboard */,
				29484FB71CB5E73C00F241A1 /* Assets.xcassets */,
				29484FB91CB5E73C00F241A1 /* LaunchScreen.storyboard */,
				29484FBC1CB5E73C00F241A1 /* Info.plist */,
			);
			path = 1;
			sourceTree = "<group>";
		};
/* End PBXGroup section */

/* Begin PBXNativeTarget section */
		29484FAC1CB5E73C00F241A1 /* 1 */ = {
			isa = PBXNativeTarget;
			buildConfigurationList = 29484FBF1CB5E73C00F241A1 /* Build configuration list for PBXNativeTarget "1" */;
			buildPhases = (
				29484FA91CB5E73C00F241A1 /* Sources */,
				29484FAA1CB5E73C00F241A1 /* Frameworks */,
				29484FAB1CB5E73C00F241A1 /* Resources */,
			);
			buildRules = (
			);
			dependencies = (
			);
			name = 1;
			productName = 1;
			productReference = 29484FAD1CB5E73C00F241A1 /* 1.app */;
			productType = "com.apple.product-type.application";
		};
/* End PBXNativeTarget section */

/* Begin PBXProject section */
		29484FA51CB5E73C00F241A1 /* Project object */ = {
			isa = PBXProject;
			attributes = {
				LastSwiftUpdateCheck = 0730;
				LastUpgradeCheck = 0730;
				ORGANIZATIONNAME = manhkm;
				TargetAttributes = {
					29484FAC1CB5E73C00F241A1 = {
						CreatedOnToolsVersion = 7.3;
					};
				};
			};
			buildConfigurationList = 29484FA81CB5E73C00F241A1 /* Build configuration list for PBXProject "1" */;
			compatibilityVersion = "Xcode 3.2";
			developmentRegion = English;
			hasScannedForEncodings = 0;
			knownRegions = (
				en,
				Base,
			);
			mainGroup = 29484FA41CB5E73C00F241A1;
			productRefGroup = 29484FAE1CB5E73C00F241A1 /* Products */;
			projectDirPath = "";
			projectRoot = "";
			targets = (
				29484FAC1CB5E73C00F241A1 /* 1 */,
			);
		};
/* End PBXProject section */

/* Begin PBXResourcesBuildPhase section */
		29484FAB1CB5E73C00F241A1 /* Resources */ = {
			isa = PBXResourcesBuildPhase;
			buildActionMask = 2147483647;
			files = (
				29484FBB1CB5E73C00F241A1 /* LaunchScreen.storyboard in Resources */,
				29484FB81CB5E73C00F241A1 /* Assets.xcassets in Resources */,
				29484FB61CB5E73C00F241A1 /* Main.storyboard in Resources */,
			);
			runOnlyForDeploymentPostprocessing = 0;
		};
/* End PBXResourcesBuildPhase section */

/* Begin PBXSourcesBuildPhase section */
		29484FA91CB5E73C00F241A1 /* Sources */ = {
			isa = PBXSourcesBuildPhase;
			buildActionMask = 2147483647;
			files = (
				29484FB31CB5E73C00F241A1 /* ViewController.swift in Sources */,
				29484FB11CB5E73C00F241A1 /* AppDelegate.swift in Sources */,
			);
			runOnlyForDeploymentPostprocessing = 0;
		};
/* End PBXSourcesBuildPhase section */

/* Begin PBXVariantGroup section */
		29484FB41CB5E73C00F241A1 /* Main.storyboard */ = {
			isa = PBXVariantGroup;
			children = (
				29484FB51CB5E73C00F241A1 /* Base */,
			);
			name = Main.storyboard;
			sourceTree = "<group>";
		};
		29484FB91CB5E73C00F241A1 /* LaunchScreen.storyboard */ = {
			isa = PBXVariantGroup;
			children = (
				29484FBA1CB5E73C00F241A1 /* Base */,
			);
			name = LaunchScreen.storyboard;
			sourceTree = "<group>";
		};
/* End PBXVariantGroup section */

/* Begin XCBuildConfiguration section */
		29484FBD1CB5E73C00F241A1 /* Debug */ = {
			isa = XCBuildConfiguration;
			buildSettings = {
				ALWAYS_SEARCH_USER_PATHS = NO;
				CLANG_ANALYZER_NONNULL = YES;
				CLANG_CXX_LANGUAGE_STANDARD = "gnu++0x";
				CLANG_CXX_LIBRARY = "libc++";
				CLANG_ENABLE_MODULES = YES;
				CLANG_ENABLE_OBJC_ARC = YES;
				CLANG_WARN_BOOL_CONVERSION = YES;
				CLANG_WARN_CONSTANT_CONVERSION = YES;
				CLANG_WARN_DIRECT_OBJC_ISA_USAGE = YES_ERROR;
				CLANG_WARN_EMPTY_BODY = YES;
				CLANG_WARN_ENUM_CONVERSION = YES;
				CLANG_WARN_INT_CONVERSION = YES;
				CLANG_WARN_OBJC_ROOT_CLASS = YES_ERROR;
				CLANG_WARN_UNREACHABLE_CODE = YES;
				CLANG_WARN__DUPLICATE_METHOD_MATCH = YES;
				"CODE_SIGN_IDENTITY[sdk=iphoneos*]" = "iPhone Developer";
				COPY_PHASE_STRIP = NO;
				DEBUG_INFORMATION_FORMAT = dwarf;
				ENABLE_STRICT_OBJC_MSGSEND = YES;
				ENABLE_TESTABILITY = YES;
				GCC_C_LANGUAGE_STANDARD = gnu99;
				GCC_DYNAMIC_NO_PIC = NO;
				GCC_NO_COMMON_BLOCKS = YES;
				GCC_OPTIMIZATION_LEVEL = 0;
				GCC_PREPROCESSOR_DEFINITIONS = (
					"DEBUG=1",
					"$(inherited)",
				);
				GCC_WARN_64_TO_32_BIT_CONVERSION = YES;
				GCC_WARN_ABOUT_RETURN_TYPE = YES_ERROR;
				GCC_WARN_UNDECLARED_SELECTOR = YES;
				GCC_WARN_UNINITIALIZED_AUTOS = YES_AGGRESSIVE;
				GCC_WARN_UNUSED_FUNCTION = YES;
				GCC_WARN_UNUSED_VARIABLE = YES;
				IPHONEOS_DEPLOYMENT_TARGET = 9.3;
				MTL_ENABLE_DEBUG_INFO = YES;
				ONLY_ACTIVE_ARCH = YES;
				SDKROOT = iphoneos;
				SWIFT_OPTIMIZATION_LEVEL = "-Onone";
			};
			name = Debug;
		};
		29484FBE1CB5E73C00F241A1 /* Release */ = {
			isa = XCBuildConfiguration;
			buildSettings = {
				ALWAYS_SEARCH_USER_PATHS = NO;
				CLANG_ANALYZER_NONNULL = YES;
				CLANG_CXX_LANGUAGE_STANDARD = "gnu++0x";
				CLANG_CXX_LIBRARY = "libc++";
				CLANG_ENABLE_MODULES = YES;
				CLANG_ENABLE_OBJC_ARC = YES;
				CLANG_WARN_BOOL_CONVERSION = YES;
				CLANG_WARN_CONSTANT_CONVERSION = YES;
				CLANG_WARN_DIRECT_OBJC_ISA_USAGE = YES_ERROR;
				CLANG_WARN_EMPTY_BODY = YES;
				CLANG_WARN_ENUM_CONVERSION = YES;
				CLANG_WARN_INT_CONVERSION = YES;
				CLANG_WARN_OBJC_ROOT_CLASS = YES_ERROR;
				CLANG_WARN_UNREACHABLE_CODE = YES;
				CLANG_WARN__DUPLICATE_METHOD_MATCH = YES;
				"CODE_SIGN_IDENTITY[sdk=iphoneos*]" = "iPhone Developer";
				COPY_PHASE_STRIP = NO;
				DEBUG_INFORMATION_FORMAT = "dwarf-with-dsym";
				ENABLE_NS_ASSERTIONS = NO;
				ENABLE_STRICT_OBJC_MSGSEND = YES;
				GCC_C_LANGUAGE_STANDARD = gnu99;
				GCC_NO_COMMON_BLOCKS = YES;
				GCC_WARN_64_TO_32_BIT_CONVERSION = YES;
				GCC_WARN_ABOUT_RETURN_TYPE = YES_ERROR;
				GCC_WARN_UNDECLARED_SELECTOR = YES;
				GCC_WARN_UNINITIALIZED_AUTOS = YES_AGGRESSIVE;
				GCC_WARN_UNUSED_FUNCTION = YES;
				GCC_WARN_UNUSED_VARIABLE = YES;
				IPHONEOS_DEPLOYMENT_TARGET = 9.3;
				MTL_ENABLE_DEBUG_INFO = NO;
				SDKROOT = iphoneos;
				VALIDATE_PRODUCT = YES;
			};
			name = Release;
		};
		29484FC01CB5E73C00F241A1 /* Debug */ = {
			isa = XCBuildConfiguration;
			buildSettings = {
				ASSETCATALOG_COMPILER_APPICON_NAME = AppIcon;
				INFOPLIST_FILE = 1/Info.plist;
				LD_RUNPATH_SEARCH_PATHS = "$(inherited) @executable_path/Frameworks";
				PRODUCT_BUNDLE_IDENTIFIER = "manhkm.-";
				PRODUCT_NAME = "$(TARGET_NAME)";
			};
			name = Debug;
		};
		29484FC11CB5E73C00F241A1 /* Release */ = {
			isa = XCBuildConfiguration;
			buildSettings = {
				ASSETCATALOG_COMPILER_APPICON_NAME = AppIcon;
				INFOPLIST_FILE = 1/Info.plist;
				LD_RUNPATH_SEARCH_PATHS = "$(inherited) @executable_path/Frameworks";
				PRODUCT_BUNDLE_IDENTIFIER = "manhkm.-";
				PRODUCT_NAME = "$(TARGET_NAME)";
			};
			name = Release;
		};
/* End XCBuildConfiguration section */

/* Begin XCConfigurationList section */
		29484FA81CB5E73C00F241A1 /* Build configuration list for PBXProject "1" */ = {
			isa = XCConfigurationList;
			buildConfigurations = (
				29484FBD1CB5E73C00F241A1 /* Debug */,
				29484FBE1CB5E73C00F241A1 /* Release */,
			);
			defaultConfigurationIsVisible = 0;
			defaultConfigurationName = Release;
		};
		29484FBF1CB5E73C00F241A1 /* Build configuration list for PBXNativeTarget "1" */ = {
			isa = XCConfigurationList;
			buildConfigurations = (
				29484FC01CB5E73C00F241A1 /* Debug */,
				29484FC11CB5E73C00F241A1 /* Release */,
			);
			defaultConfigurationIsVisible = 0;
		};
/* End XCConfigurationList section */
	};
	rootObject = 29484FA51CB5E73C00F241A1 /* Project object */;
}
